<?xml version="1.0" encoding="utf-8"?>
<Project ToolsVersion="4.0" xmlns="http://schemas.microsoft.com/developer/msbuild/2003">
  <ItemGroup>
    <Filter Include="Source Files">
      <UniqueIdentifier>{4FC737F1-C7A5-4376-A066-2A32D752A2FF}</UniqueIdentifier>
      <Extensions>cpp;c;cc;cxx;def;odl;idl;hpj;bat;asm;asmx</Extensions>
    </Filter>
    <Filter Include="Header Files">
      <UniqueIdentifier>{93995380-89BD-4b04-88EB-625FBE52EBFB}</UniqueIdentifier>
      <Extensions>h;hh;hpp;hxx;hm;inl;inc;xsd</Extensions>
    </Filter>
    <Filter Include="Resource Files">
      <UniqueIdentifier>{67DA6AB6-F800-4c08-8B7A-83BB121AAD01}</UniqueIdentifier>
      <Extensions>rc;ico;cur;bmp;dlg;rc2;rct;bin;rgs;gif;jpg;jpeg;jpe;resx;tiff;tif;png;wav;mfcribbon-ms</Extensions>
    </Filter>
  </ItemGroup>
  <ItemGroup>
    <ClCompile Include="Map\CleanBoard.cpp">
      <Filter>Source Files</Filter>
    </ClCompile>
    <ClCompile Include="Map\Cookie.cpp">
      <Filter>Source Files</Filter>
    </ClCompile>
    <ClCompile Include="Map\CreateMenu.cpp">
      <Filter>Source Files</Filter>
    </ClCompile>
    <ClCompile Include="Map\Enemy.cpp">
      <Filter>Source Files</Filter>
    </ClCompile>
    <ClCompile Include="Map\Object.cpp">
      <Filter>Source Files</Filter>
    </ClCompile>
    <ClCompile Include="Map\Pacman.cpp">
      <Filter>Source Files</Filter>
    </ClCompile>
    <ClCompile Include="Map\Painter.cpp">
      <Filter>Source Files</Filter>
    </ClCompile>
    <ClCompile Include="Map\Save.cpp">
      <Filter>Source Files</Filter>
    </ClCompile>
    <ClCompile Include="Map\Wall.cpp">
      <Filter>Source Files</Filter>
    </ClCompile>
    <ClCompile Include="gameSettings.cpp">
      <Filter>Source Files</Filter>
    </ClCompile>
    <ClCompile Include="GameState.cpp">
      <Filter>Source Files</Filter>
    </ClCompile>
    <ClCompile Include="main.cpp">
      <Filter>Source Files</Filter>
    </ClCompile>
    <ClCompile Include="MenuState.cpp">
      <Filter>Source Files</Filter>
    </ClCompile>
    <ClCompile Include="PacEngine.cpp">
      <Filter>Source Files</Filter>
    </ClCompile>
    <ClCompile Include="ScoreState.cpp">
      <Filter>Source Files</Filter>
    </ClCompile>
    <ClCompile Include="Sounds.cpp">
      <Filter>Source Files</Filter>
    </ClCompile>
    <ClCompile Include="StateManager.cpp">
      <Filter>Source Files</Filter>
    </ClCompile>
  </ItemGroup>
  <ItemGroup>
    <ClInclude Include="Map\CleanBoard.h">
      <Filter>Header Files</Filter>
    </ClInclude>
    <ClInclude Include="Map\ConstantsMap.h">
      <Filter>Header Files</Filter>
    </ClInclude>
    <ClInclude Include="Map\Cookie.h">
      <Filter>Header Files</Filter>
    </ClInclude>
    <ClInclude Include="Map\CreateMenu.h">
      <Filter>Header Files</Filter>
    </ClInclude>
    <ClInclude Include="Map\Enemy.h">
      <Filter>Header Files</Filter>
    </ClInclude>
    <ClInclude Include="Map\Object.h">
      <Filter>Header Files</Filter>
    </ClInclude>
    <ClInclude Include="Map\Pacman.h">
      <Filter>Header Files</Filter>
    </ClInclude>
    <ClInclude Include="Map\Painter.h">
      <Filter>Header Files</Filter>
    </ClInclude>
    <ClInclude Include="Map\Save.h">
      <Filter>Header Files</Filter>
    </ClInclude>
    <ClInclude Include="Map\Wall.h">
      <Filter>Header Files</Filter>
    </ClInclude>
    <ClInclude Include="ConstantsGame.h">
      <Filter>Header Files</Filter>
    </ClInclude>
    <ClInclude Include="gameSettings.h">
      <Filter>Header Files</Filter>
    </ClInclude>
    <ClInclude Include="GameState.h">
      <Filter>Header Files</Filter>
    </ClInclude>
    <ClInclude Include="MenuState.h">
      <Filter>Header Files</Filter>
    </ClInclude>
    <ClInclude Include="PacEngine.h">
      <Filter>Header Files</Filter>
    </ClInclude>
    <ClInclude Include="PacEntity.h">
      <Filter>Header Files</Filter>
    </ClInclude>
    <ClInclude Include="PacEvent.h">
      <Filter>Header Files</Filter>
    </ClInclude>
    <ClInclude Include="PointerPack.h">
      <Filter>Header Files</Filter>
    </ClInclude>
    <ClInclude Include="ScoreState.h">
      <Filter>Header Files</Filter>
    </ClInclude>
    <ClInclude Include="Sounds.h">
      <Filter>Header Files</Filter>
    </ClInclude>
    <ClInclude Include="SpecialState.h">
      <Filter>Header Files</Filter>
    </ClInclude>
    <ClInclude Include="State.h">
      <Filter>Header Files</Filter>
    </ClInclude>
    <ClInclude Include="StateManager.h">
      <Filter>Header Files</Filter>
    </ClInclude>
  </ItemGroup>
  <ItemGroup>
    <Font Include="arial.ttf" />
    <Font Include="Endless Wall.ttf" />
  </ItemGroup>
  <ItemGroup>
    <None Include="Background_sound.ogg" />
    <None Include="bad.ogg" />
    <None Include="buttom.ogg" />
    <None Include="eat.ogg" />
    <None Include="shalom.ogg" />
    <None Include="welcome.ogg" />
    <None Include="ClassDiagram.cd" />
  </ItemGroup>
  <ItemGroup>
    <Media Include="bye.wav">
      <Filter>Resource Files</Filter>
    </Media>
  </ItemGroup>
  <ItemGroup>
    <Text Include="High.txt" />
    <Text Include="Level1.txt" />
    <Text Include="Level2.txt" />
    <Text Include="Level3.txt" />
    <Text Include="Level4.txt" />
  </ItemGroup>
  <ItemGroup>
    <Image Include="pacmoon.jpg">
      <Filter>Resource Files</Filter>
    </Image>
    <Image Include="testpacWhite.png">
      <Filter>Resource Files</Filter>
    </Image>
  </ItemGroup>
</Project>